// !$*UTF8*$!
{
	archiveVersion = 1;
	classes = {
	};
	objectVersion = 51;
	objects = {

/* Begin PBXBuildFile section */
		62895C6425E5DE1600D285B2 /* RoundImageView.swift in Sources */ = {isa = PBXBuildFile; fileRef = 62895C6325E5DE1600D285B2 /* RoundImageView.swift */; };
		62895C6625E5E03700D285B2 /* CCollectionViewController.swift in Sources */ = {isa = PBXBuildFile; fileRef = 62895C6525E5E03700D285B2 /* CCollectionViewController.swift */; };
		62895C6825E5E2E200D285B2 /* UpComingEventCell.swift in Sources */ = {isa = PBXBuildFile; fileRef = 62895C6725E5E2E200D285B2 /* UpComingEventCell.swift */; };
		7B0CE3E5A595AF88B902B134 /* Pods_SportsApp.framework in Frameworks */ = {isa = PBXBuildFile; fileRef = 6A619E154668D218D04E653B /* Pods_SportsApp.framework */; };
		FAC64FF025DEF9520088E2F9 /* AppDelegate.swift in Sources */ = {isa = PBXBuildFile; fileRef = FAC64FEF25DEF9520088E2F9 /* AppDelegate.swift */; };
		FAC64FF225DEF9520088E2F9 /* SceneDelegate.swift in Sources */ = {isa = PBXBuildFile; fileRef = FAC64FF125DEF9520088E2F9 /* SceneDelegate.swift */; };
		FAC64FF425DEF9520088E2F9 /* ViewController.swift in Sources */ = {isa = PBXBuildFile; fileRef = FAC64FF325DEF9520088E2F9 /* ViewController.swift */; };
		FAC64FF725DEF9520088E2F9 /* Main.storyboard in Resources */ = {isa = PBXBuildFile; fileRef = FAC64FF525DEF9520088E2F9 /* Main.storyboard */; };
		FAC64FFA25DEF9520088E2F9 /* SportsApp.xcdatamodeld in Sources */ = {isa = PBXBuildFile; fileRef = FAC64FF825DEF9520088E2F9 /* SportsApp.xcdatamodeld */; };
		FAC64FFC25DEF9530088E2F9 /* Assets.xcassets in Resources */ = {isa = PBXBuildFile; fileRef = FAC64FFB25DEF9530088E2F9 /* Assets.xcassets */; };
		FAC64FFF25DEF9530088E2F9 /* LaunchScreen.storyboard in Resources */ = {isa = PBXBuildFile; fileRef = FAC64FFD25DEF9530088E2F9 /* LaunchScreen.storyboard */; };
		FAC6500A25DF033A0088E2F9 /* Second.storyboard in Resources */ = {isa = PBXBuildFile; fileRef = FAC6500925DF033A0088E2F9 /* Second.storyboard */; };
		FAC6500C25DF03FC0088E2F9 /* SecondViewController.swift in Sources */ = {isa = PBXBuildFile; fileRef = FAC6500B25DF03FC0088E2F9 /* SecondViewController.swift */; };
/* End PBXBuildFile section */

/* Begin PBXFileReference section */
		01C9768D3B11AE283641E57D /* Pods-SportsApp.release.xcconfig */ = {isa = PBXFileReference; includeInIndex = 1; lastKnownFileType = text.xcconfig; name = "Pods-SportsApp.release.xcconfig"; path = "Target Support Files/Pods-SportsApp/Pods-SportsApp.release.xcconfig"; sourceTree = "<group>"; };
		62895C6325E5DE1600D285B2 /* RoundImageView.swift */ = {isa = PBXFileReference; lastKnownFileType = sourcecode.swift; path = RoundImageView.swift; sourceTree = "<group>"; };
		62895C6525E5E03700D285B2 /* CCollectionViewController.swift */ = {isa = PBXFileReference; lastKnownFileType = sourcecode.swift; path = CCollectionViewController.swift; sourceTree = "<group>"; };
		62895C6725E5E2E200D285B2 /* UpComingEventCell.swift */ = {isa = PBXFileReference; lastKnownFileType = sourcecode.swift; path = UpComingEventCell.swift; sourceTree = "<group>"; };
		6A619E154668D218D04E653B /* Pods_SportsApp.framework */ = {isa = PBXFileReference; explicitFileType = wrapper.framework; includeInIndex = 0; path = Pods_SportsApp.framework; sourceTree = BUILT_PRODUCTS_DIR; };
		BB68B0C9ED8F0A6BE7AC8F28 /* Pods-SportsApp.debug.xcconfig */ = {isa = PBXFileReference; includeInIndex = 1; lastKnownFileType = text.xcconfig; name = "Pods-SportsApp.debug.xcconfig"; path = "Target Support Files/Pods-SportsApp/Pods-SportsApp.debug.xcconfig"; sourceTree = "<group>"; };
		FAC64FEC25DEF9520088E2F9 /* SportsApp.app */ = {isa = PBXFileReference; explicitFileType = wrapper.application; includeInIndex = 0; path = SportsApp.app; sourceTree = BUILT_PRODUCTS_DIR; };
		FAC64FEF25DEF9520088E2F9 /* AppDelegate.swift */ = {isa = PBXFileReference; lastKnownFileType = sourcecode.swift; path = AppDelegate.swift; sourceTree = "<group>"; };
		FAC64FF125DEF9520088E2F9 /* SceneDelegate.swift */ = {isa = PBXFileReference; lastKnownFileType = sourcecode.swift; path = SceneDelegate.swift; sourceTree = "<group>"; };
		FAC64FF325DEF9520088E2F9 /* ViewController.swift */ = {isa = PBXFileReference; lastKnownFileType = sourcecode.swift; path = ViewController.swift; sourceTree = "<group>"; };
		FAC64FF625DEF9520088E2F9 /* Base */ = {isa = PBXFileReference; lastKnownFileType = file.storyboard; name = Base; path = Base.lproj/Main.storyboard; sourceTree = "<group>"; };
		FAC64FF925DEF9520088E2F9 /* SportsApp.xcdatamodel */ = {isa = PBXFileReference; lastKnownFileType = wrapper.xcdatamodel; path = SportsApp.xcdatamodel; sourceTree = "<group>"; };
		FAC64FFB25DEF9530088E2F9 /* Assets.xcassets */ = {isa = PBXFileReference; lastKnownFileType = folder.assetcatalog; path = Assets.xcassets; sourceTree = "<group>"; };
		FAC64FFE25DEF9530088E2F9 /* Base */ = {isa = PBXFileReference; lastKnownFileType = file.storyboard; name = Base; path = Base.lproj/LaunchScreen.storyboard; sourceTree = "<group>"; };
		FAC6500025DEF9530088E2F9 /* Info.plist */ = {isa = PBXFileReference; lastKnownFileType = text.plist.xml; path = Info.plist; sourceTree = "<group>"; };
		FAC6500925DF033A0088E2F9 /* Second.storyboard */ = {isa = PBXFileReference; lastKnownFileType = file.storyboard; path = Second.storyboard; sourceTree = "<group>"; };
		FAC6500B25DF03FC0088E2F9 /* SecondViewController.swift */ = {isa = PBXFileReference; lastKnownFileType = sourcecode.swift; path = SecondViewController.swift; sourceTree = "<group>"; };
/* End PBXFileReference section */

/* Begin PBXFrameworksBuildPhase section */
		FAC64FE925DEF9520088E2F9 /* Frameworks */ = {
			isa = PBXFrameworksBuildPhase;
			buildActionMask = 2147483647;
			files = (
				7B0CE3E5A595AF88B902B134 /* Pods_SportsApp.framework in Frameworks */,
			);
			runOnlyForDeploymentPostprocessing = 0;
		};
/* End PBXFrameworksBuildPhase section */

/* Begin PBXGroup section */
		3B004CE64F8DF0C69B2DD835 /* Pods */ = {
			isa = PBXGroup;
			children = (
				BB68B0C9ED8F0A6BE7AC8F28 /* Pods-SportsApp.debug.xcconfig */,
				01C9768D3B11AE283641E57D /* Pods-SportsApp.release.xcconfig */,
			);
			path = Pods;
			sourceTree = "<group>";
		};
		59CDF01BC5492F20575C5AF5 /* Frameworks */ = {
			isa = PBXGroup;
			children = (
				6A619E154668D218D04E653B /* Pods_SportsApp.framework */,
			);
			name = Frameworks;
			sourceTree = "<group>";
		};
		62895C6125E5DDE900D285B2 /* Cells */ = {
			isa = PBXGroup;
			children = (
				62895C6725E5E2E200D285B2 /* UpComingEventCell.swift */,
			);
			path = Cells;
			sourceTree = "<group>";
		};
		62895C6225E5DDF200D285B2 /* CustomViews */ = {
			isa = PBXGroup;
			children = (
				62895C6325E5DE1600D285B2 /* RoundImageView.swift */,
			);
			path = CustomViews;
			sourceTree = "<group>";
		};
		FAC64FE325DEF9520088E2F9 = {
			isa = PBXGroup;
			children = (
				FAC64FEE25DEF9520088E2F9 /* SportsApp */,
				FAC64FED25DEF9520088E2F9 /* Products */,
				3B004CE64F8DF0C69B2DD835 /* Pods */,
				59CDF01BC5492F20575C5AF5 /* Frameworks */,
			);
			sourceTree = "<group>";
		};
		FAC64FED25DEF9520088E2F9 /* Products */ = {
			isa = PBXGroup;
			children = (
				FAC64FEC25DEF9520088E2F9 /* SportsApp.app */,
			);
			name = Products;
			sourceTree = "<group>";
		};
		FAC64FEE25DEF9520088E2F9 /* SportsApp */ = {
			isa = PBXGroup;
			children = (
				62895C6225E5DDF200D285B2 /* CustomViews */,
				62895C6125E5DDE900D285B2 /* Cells */,
				FAC64FEF25DEF9520088E2F9 /* AppDelegate.swift */,
				FAC64FF125DEF9520088E2F9 /* SceneDelegate.swift */,
				FAC64FF325DEF9520088E2F9 /* ViewController.swift */,
				FAC64FF525DEF9520088E2F9 /* Main.storyboard */,
				FAC6500925DF033A0088E2F9 /* Second.storyboard */,
				FAC6500B25DF03FC0088E2F9 /* SecondViewController.swift */,
				FAC64FFB25DEF9530088E2F9 /* Assets.xcassets */,
				FAC64FFD25DEF9530088E2F9 /* LaunchScreen.storyboard */,
				FAC6500025DEF9530088E2F9 /* Info.plist */,
				FAC64FF825DEF9520088E2F9 /* SportsApp.xcdatamodeld */,
				62895C6525E5E03700D285B2 /* CCollectionViewController.swift */,
			);
			path = SportsApp;
			sourceTree = "<group>";
		};
/* End PBXGroup section */

/* Begin PBXNativeTarget section */
		FAC64FEB25DEF9520088E2F9 /* SportsApp */ = {
			isa = PBXNativeTarget;
			buildConfigurationList = FAC6500325DEF9530088E2F9 /* Build configuration list for PBXNativeTarget "SportsApp" */;
			buildPhases = (
				C1110DCE43FB6C70C572F961 /* [CP] Check Pods Manifest.lock */,
				FAC64FE825DEF9520088E2F9 /* Sources */,
				FAC64FE925DEF9520088E2F9 /* Frameworks */,
				FAC64FEA25DEF9520088E2F9 /* Resources */,
				1DCC413BCBD099949157E6BC /* [CP] Embed Pods Frameworks */,
			);
			buildRules = (
			);
			dependencies = (
			);
			name = SportsApp;
			productName = SportsApp;
			productReference = FAC64FEC25DEF9520088E2F9 /* SportsApp.app */;
			productType = "com.apple.product-type.application";
		};
/* End PBXNativeTarget section */

/* Begin PBXProject section */
		FAC64FE425DEF9520088E2F9 /* Project object */ = {
			isa = PBXProject;
			attributes = {
				LastSwiftUpdateCheck = 1130;
				LastUpgradeCheck = 1130;
				ORGANIZATIONNAME = "Shady Ahmed";
				TargetAttributes = {
					FAC64FEB25DEF9520088E2F9 = {
						CreatedOnToolsVersion = 11.3.1;
					};
				};
			};
			buildConfigurationList = FAC64FE725DEF9520088E2F9 /* Build configuration list for PBXProject "SportsApp" */;
			compatibilityVersion = "Xcode 9.3";
			developmentRegion = en;
			hasScannedForEncodings = 0;
			knownRegions = (
				en,
				Base,
			);
			mainGroup = FAC64FE325DEF9520088E2F9;
			productRefGroup = FAC64FED25DEF9520088E2F9 /* Products */;
			projectDirPath = "";
			projectRoot = "";
			targets = (
				FAC64FEB25DEF9520088E2F9 /* SportsApp */,
			);
		};
/* End PBXProject section */

/* Begin PBXResourcesBuildPhase section */
		FAC64FEA25DEF9520088E2F9 /* Resources */ = {
			isa = PBXResourcesBuildPhase;
			buildActionMask = 2147483647;
			files = (
				FAC6500A25DF033A0088E2F9 /* Second.storyboard in Resources */,
				FAC64FFF25DEF9530088E2F9 /* LaunchScreen.storyboard in Resources */,
				FAC64FFC25DEF9530088E2F9 /* Assets.xcassets in Resources */,
				FAC64FF725DEF9520088E2F9 /* Main.storyboard in Resources */,
			);
			runOnlyForDeploymentPostprocessing = 0;
		};
/* End PBXResourcesBuildPhase section */

/* Begin PBXShellScriptBuildPhase section */
		1DCC413BCBD099949157E6BC /* [CP] Embed Pods Frameworks */ = {
			isa = PBXShellScriptBuildPhase;
			buildActionMask = 2147483647;
			files = (
			);
			inputFileListPaths = (
				"${PODS_ROOT}/Target Support Files/Pods-SportsApp/Pods-SportsApp-frameworks-${CONFIGURATION}-input-files.xcfilelist",
			);
			name = "[CP] Embed Pods Frameworks";
			outputFileListPaths = (
				"${PODS_ROOT}/Target Support Files/Pods-SportsApp/Pods-SportsApp-frameworks-${CONFIGURATION}-output-files.xcfilelist",
			);
			runOnlyForDeploymentPostprocessing = 0;
			shellPath = /bin/sh;
			shellScript = "\"${PODS_ROOT}/Target Support Files/Pods-SportsApp/Pods-SportsApp-frameworks.sh\"\n";
			showEnvVarsInLog = 0;
		};
		C1110DCE43FB6C70C572F961 /* [CP] Check Pods Manifest.lock */ = {
			isa = PBXShellScriptBuildPhase;
			buildActionMask = 2147483647;
			files = (
			);
			inputFileListPaths = (
			);
			inputPaths = (
				"${PODS_PODFILE_DIR_PATH}/Podfile.lock",
				"${PODS_ROOT}/Manifest.lock",
			);
			name = "[CP] Check Pods Manifest.lock";
			outputFileListPaths = (
			);
			outputPaths = (
				"$(DERIVED_FILE_DIR)/Pods-SportsApp-checkManifestLockResult.txt",
			);
			runOnlyForDeploymentPostprocessing = 0;
			shellPath = /bin/sh;
			shellScript = "diff \"${PODS_PODFILE_DIR_PATH}/Podfile.lock\" \"${PODS_ROOT}/Manifest.lock\" > /dev/null\nif [ $? != 0 ] ; then\n    # print error to STDERR\n    echo \"error: The sandbox is not in sync with the Podfile.lock. Run 'pod install' or update your CocoaPods installation.\" >&2\n    exit 1\nfi\n# This output is used by Xcode 'outputs' to avoid re-running this script phase.\necho \"SUCCESS\" > \"${SCRIPT_OUTPUT_FILE_0}\"\n";
			showEnvVarsInLog = 0;
		};
/* End PBXShellScriptBuildPhase section */

/* Begin PBXSourcesBuildPhase section */
		FAC64FE825DEF9520088E2F9 /* Sources */ = {
			isa = PBXSourcesBuildPhase;
			buildActionMask = 2147483647;
			files = (
				62895C6625E5E03700D285B2 /* CCollectionViewController.swift in Sources */,
				FAC64FF425DEF9520088E2F9 /* ViewController.swift in Sources */,
				FAC64FF025DEF9520088E2F9 /* AppDelegate.swift in Sources */,
				FAC64FFA25DEF9520088E2F9 /* SportsApp.xcdatamodeld in Sources */,
				FAC6500C25DF03FC0088E2F9 /* SecondViewController.swift in Sources */,
				62895C6425E5DE1600D285B2 /* RoundImageView.swift in Sources */,
				62895C6825E5E2E200D285B2 /* UpComingEventCell.swift in Sources */,
				FAC64FF225DEF9520088E2F9 /* SceneDelegate.swift in Sources */,
			);
			runOnlyForDeploymentPostprocessing = 0;
		};
/* End PBXSourcesBuildPhase section */

/* Begin PBXVariantGroup section */
		FAC64FF525DEF9520088E2F9 /* Main.storyboard */ = {
			isa = PBXVariantGroup;
			children = (
				FAC64FF625DEF9520088E2F9 /* Base */,
			);
			name = Main.storyboard;
			sourceTree = "<group>";
		};
		FAC64FFD25DEF9530088E2F9 /* LaunchScreen.storyboard */ = {
			isa = PBXVariantGroup;
			children = (
				FAC64FFE25DEF9530088E2F9 /* Base */,
			);
			name = LaunchScreen.storyboard;
			sourceTree = "<group>";
		};
/* End PBXVariantGroup section */

/* Begin XCBuildConfiguration section */
		FAC6500125DEF9530088E2F9 /* Debug */ = {
			isa = XCBuildConfiguration;
			buildSettings = {
				ALWAYS_SEARCH_USER_PATHS = NO;
				CLANG_ANALYZER_NONNULL = YES;
				CLANG_ANALYZER_NUMBER_OBJECT_CONVERSION = YES_AGGRESSIVE;
				CLANG_CXX_LANGUAGE_STANDARD = "gnu++14";
				CLANG_CXX_LIBRARY = "libc++";
				CLANG_ENABLE_MODULES = YES;
				CLANG_ENABLE_OBJC_ARC = YES;
				CLANG_ENABLE_OBJC_WEAK = YES;
				CLANG_WARN_BLOCK_CAPTURE_AUTORELEASING = YES;
				CLANG_WARN_BOOL_CONVERSION = YES;
				CLANG_WARN_COMMA = YES;
				CLANG_WARN_CONSTANT_CONVERSION = YES;
				CLANG_WARN_DEPRECATED_OBJC_IMPLEMENTATIONS = YES;
				CLANG_WARN_DIRECT_OBJC_ISA_USAGE = YES_ERROR;
				CLANG_WARN_DOCUMENTATION_COMMENTS = YES;
				CLANG_WARN_EMPTY_BODY = YES;
				CLANG_WARN_ENUM_CONVERSION = YES;
				CLANG_WARN_INFINITE_RECURSION = YES;
				CLANG_WARN_INT_CONVERSION = YES;
				CLANG_WARN_NON_LITERAL_NULL_CONVERSION = YES;
				CLANG_WARN_OBJC_IMPLICIT_RETAIN_SELF = YES;
				CLANG_WARN_OBJC_LITERAL_CONVERSION = YES;
				CLANG_WARN_OBJC_ROOT_CLASS = YES_ERROR;
				CLANG_WARN_RANGE_LOOP_ANALYSIS = YES;
				CLANG_WARN_STRICT_PROTOTYPES = YES;
				CLANG_WARN_SUSPICIOUS_MOVE = YES;
				CLANG_WARN_UNGUARDED_AVAILABILITY = YES_AGGRESSIVE;
				CLANG_WARN_UNREACHABLE_CODE = YES;
				CLANG_WARN__DUPLICATE_METHOD_MATCH = YES;
				COPY_PHASE_STRIP = NO;
				DEBUG_INFORMATION_FORMAT = dwarf;
				ENABLE_STRICT_OBJC_MSGSEND = YES;
				ENABLE_TESTABILITY = YES;
				GCC_C_LANGUAGE_STANDARD = gnu11;
				GCC_DYNAMIC_NO_PIC = NO;
				GCC_NO_COMMON_BLOCKS = YES;
				GCC_OPTIMIZATION_LEVEL = 0;
				GCC_PREPROCESSOR_DEFINITIONS = (
					"DEBUG=1",
					"$(inherited)",
				);
				GCC_WARN_64_TO_32_BIT_CONVERSION = YES;
				GCC_WARN_ABOUT_RETURN_TYPE = YES_ERROR;
				GCC_WARN_UNDECLARED_SELECTOR = YES;
				GCC_WARN_UNINITIALIZED_AUTOS = YES_AGGRESSIVE;
				GCC_WARN_UNUSED_FUNCTION = YES;
				GCC_WARN_UNUSED_VARIABLE = YES;
				IPHONEOS_DEPLOYMENT_TARGET = 13.2;
				MTL_ENABLE_DEBUG_INFO = INCLUDE_SOURCE;
				MTL_FAST_MATH = YES;
				ONLY_ACTIVE_ARCH = YES;
				SDKROOT = iphoneos;
				SWIFT_ACTIVE_COMPILATION_CONDITIONS = DEBUG;
				SWIFT_OPTIMIZATION_LEVEL = "-Onone";
			};
			name = Debug;
		};
		FAC6500225DEF9530088E2F9 /* Release */ = {
			isa = XCBuildConfiguration;
			buildSettings = {
				ALWAYS_SEARCH_USER_PATHS = NO;
				CLANG_ANALYZER_NONNULL = YES;
				CLANG_ANALYZER_NUMBER_OBJECT_CONVERSION = YES_AGGRESSIVE;
				CLANG_CXX_LANGUAGE_STANDARD = "gnu++14";
				CLANG_CXX_LIBRARY = "libc++";
				CLANG_ENABLE_MODULES = YES;
				CLANG_ENABLE_OBJC_ARC = YES;
				CLANG_ENABLE_OBJC_WEAK = YES;
				CLANG_WARN_BLOCK_CAPTURE_AUTORELEASING = YES;
				CLANG_WARN_BOOL_CONVERSION = YES;
				CLANG_WARN_COMMA = YES;
				CLANG_WARN_CONSTANT_CONVERSION = YES;
				CLANG_WARN_DEPRECATED_OBJC_IMPLEMENTATIONS = YES;
				CLANG_WARN_DIRECT_OBJC_ISA_USAGE = YES_ERROR;
				CLANG_WARN_DOCUMENTATION_COMMENTS = YES;
				CLANG_WARN_EMPTY_BODY = YES;
				CLANG_WARN_ENUM_CONVERSION = YES;
				CLANG_WARN_INFINITE_RECURSION = YES;
				CLANG_WARN_INT_CONVERSION = YES;
				CLANG_WARN_NON_LITERAL_NULL_CONVERSION = YES;
				CLANG_WARN_OBJC_IMPLICIT_RETAIN_SELF = YES;
				CLANG_WARN_OBJC_LITERAL_CONVERSION = YES;
				CLANG_WARN_OBJC_ROOT_CLASS = YES_ERROR;
				CLANG_WARN_RANGE_LOOP_ANALYSIS = YES;
				CLANG_WARN_STRICT_PROTOTYPES = YES;
				CLANG_WARN_SUSPICIOUS_MOVE = YES;
				CLANG_WARN_UNGUARDED_AVAILABILITY = YES_AGGRESSIVE;
				CLANG_WARN_UNREACHABLE_CODE = YES;
				CLANG_WARN__DUPLICATE_METHOD_MATCH = YES;
				COPY_PHASE_STRIP = NO;
				DEBUG_INFORMATION_FORMAT = "dwarf-with-dsym";
				ENABLE_NS_ASSERTIONS = NO;
				ENABLE_STRICT_OBJC_MSGSEND = YES;
				GCC_C_LANGUAGE_STANDARD = gnu11;
				GCC_NO_COMMON_BLOCKS = YES;
				GCC_WARN_64_TO_32_BIT_CONVERSION = YES;
				GCC_WARN_ABOUT_RETURN_TYPE = YES_ERROR;
				GCC_WARN_UNDECLARED_SELECTOR = YES;
				GCC_WARN_UNINITIALIZED_AUTOS = YES_AGGRESSIVE;
				GCC_WARN_UNUSED_FUNCTION = YES;
				GCC_WARN_UNUSED_VARIABLE = YES;
				IPHONEOS_DEPLOYMENT_TARGET = 13.2;
				MTL_ENABLE_DEBUG_INFO = NO;
				MTL_FAST_MATH = YES;
				SDKROOT = iphoneos;
				SWIFT_COMPILATION_MODE = wholemodule;
				SWIFT_OPTIMIZATION_LEVEL = "-O";
				VALIDATE_PRODUCT = YES;
			};
			name = Release;
		};
		FAC6500425DEF9530088E2F9 /* Debug */ = {
			isa = XCBuildConfiguration;
			baseConfigurationReference = BB68B0C9ED8F0A6BE7AC8F28 /* Pods-SportsApp.debug.xcconfig */;
			buildSettings = {
				ASSETCATALOG_COMPILER_APPICON_NAME = AppIcon;
				CODE_SIGN_STYLE = Automatic;
				INFOPLIST_FILE = SportsApp/Info.plist;
				LD_RUNPATH_SEARCH_PATHS = (
					"$(inherited)",
					"@executable_path/Frameworks",
				);
				PRODUCT_BUNDLE_IDENTIFIER = ITI.SportsApp;
				PRODUCT_NAME = "$(TARGET_NAME)";
				SWIFT_VERSION = 5.0;
				TARGETED_DEVICE_FAMILY = "1,2";
			};
			name = Debug;
		};
		FAC6500525DEF9530088E2F9 /* Release */ = {
			isa = XCBuildConfiguration;
			baseConfigurationReference = 01C9768D3B11AE283641E57D /* Pods-SportsApp.release.xcconfig */;
			buildSettings = {
				ASSETCATALOG_COMPILER_APPICON_NAME = AppIcon;
				CODE_SIGN_STYLE = Automatic;
				INFOPLIST_FILE = SportsApp/Info.plist;
				LD_RUNPATH_SEARCH_PATHS = (
					"$(inherited)",
					"@executable_path/Frameworks",
				);
				PRODUCT_BUNDLE_IDENTIFIER = ITI.SportsApp;
				PRODUCT_NAME = "$(TARGET_NAME)";
				SWIFT_VERSION = 5.0;
				TARGETED_DEVICE_FAMILY = "1,2";
			};
			name = Release;
		};
/* End XCBuildConfiguration section */

/* Begin XCConfigurationList section */
		FAC64FE725DEF9520088E2F9 /* Build configuration list for PBXProject "SportsApp" */ = {
			isa = XCConfigurationList;
			buildConfigurations = (
				FAC6500125DEF9530088E2F9 /* Debug */,
				FAC6500225DEF9530088E2F9 /* Release */,
			);
			defaultConfigurationIsVisible = 0;
			defaultConfigurationName = Release;
		};
		FAC6500325DEF9530088E2F9 /* Build configuration list for PBXNativeTarget "SportsApp" */ = {
			isa = XCConfigurationList;
			buildConfigurations = (
				FAC6500425DEF9530088E2F9 /* Debug */,
				FAC6500525DEF9530088E2F9 /* Release */,
			);
			defaultConfigurationIsVisible = 0;
			defaultConfigurationName = Release;
		};
/* End XCConfigurationList section */

/* Begin XCVersionGroup section */
		FAC64FF825DEF9520088E2F9 /* SportsApp.xcdatamodeld */ = {
			isa = XCVersionGroup;
			children = (
				FAC64FF925DEF9520088E2F9 /* SportsApp.xcdatamodel */,
			);
			currentVersion = FAC64FF925DEF9520088E2F9 /* SportsApp.xcdatamodel */;
			path = SportsApp.xcdatamodeld;
			sourceTree = "<group>";
			versionGroupType = wrapper.xcdatamodel;
		};
/* End XCVersionGroup section */
	};
	rootObject = FAC64FE425DEF9520088E2F9 /* Project object */;
}
